
Microsoft Visual Studio Solution File, Format Version 12.00
# Visual Studio Version 17
VisualStudioVersion = 17.12.35707.178 d17.12
MinimumVisualStudioVersion = 10.0.40219.1
Project("{FAE04EC0-301F-11D3-BF4B-00C04F79EFBC}") = "HotelCore.Domain", "HotelCore.Domain\HotelCore.Domain.csproj", "{0C24244E-A3CD-44FF-A74F-9B425C3D5659}"
EndProject
Project("{FAE04EC0-301F-11D3-BF4B-00C04F79EFBC}") = "HotelCore.Application", "HotelCore.Application\HotelCore.Application.csproj", "{2084B0F7-18DF-4204-89A3-C6D2AA7AA898}"
EndProject
Project("{FAE04EC0-301F-11D3-BF4B-00C04F79EFBC}") = "HotelCore.Infrastructure", "HotelCore.Infrastructure\HotelCore.Infrastructure.csproj", "{F5ABBBE8-0E0B-4493-9207-E40B84F2B4F0}"
EndProject
Project("{FAE04EC0-301F-11D3-BF4B-00C04F79EFBC}") = "HotelCore.WebUI", "HotelCore.WebUI\HotelCore.WebUI.csproj", "{4289EF8B-FDC8-4D8F-BE59-D51B1D1545A7}"
EndProject
Global
	GlobalSection(SolutionProperties) = preSolution
		HideSolutionNode = FALSE
	EndGlobalSection
	GlobalSection(SolutionConfigurationPlatforms) = preSolution
		Debug|Any CPU = Debug|Any CPU
		Debug|x64 = Debug|x64
		Debug|x86 = Debug|x86
		Release|Any CPU = Release|Any CPU
		Release|x64 = Release|x64
		Release|x86 = Release|x86
	EndGlobalSection
	GlobalSection(ProjectConfigurationPlatforms) = postSolution
		{0C24244E-A3CD-44FF-A74F-9B425C3D5659}.Debug|Any CPU.ActiveCfg = Debug|Any CPU
		{0C24244E-A3CD-44FF-A74F-9B425C3D5659}.Debug|Any CPU.Build.0 = Debug|Any CPU
		{0C24244E-A3CD-44FF-A74F-9B425C3D5659}.Debug|x64.ActiveCfg = Debug|Any CPU
		{0C24244E-A3CD-44FF-A74F-9B425C3D5659}.Debug|x64.Build.0 = Debug|Any CPU
		{0C24244E-A3CD-44FF-A74F-9B425C3D5659}.Debug|x86.ActiveCfg = Debug|Any CPU
		{0C24244E-A3CD-44FF-A74F-9B425C3D5659}.Debug|x86.Build.0 = Debug|Any CPU
		{0C24244E-A3CD-44FF-A74F-9B425C3D5659}.Release|Any CPU.ActiveCfg = Release|Any CPU
		{0C24244E-A3CD-44FF-A74F-9B425C3D5659}.Release|Any CPU.Build.0 = Release|Any CPU
		{0C24244E-A3CD-44FF-A74F-9B425C3D5659}.Release|x64.ActiveCfg = Release|Any CPU
		{0C24244E-A3CD-44FF-A74F-9B425C3D5659}.Release|x64.Build.0 = Release|Any CPU
		{0C24244E-A3CD-44FF-A74F-9B425C3D5659}.Release|x86.ActiveCfg = Release|Any CPU
		{0C24244E-A3CD-44FF-A74F-9B425C3D5659}.Release|x86.Build.0 = Release|Any CPU
		{2084B0F7-18DF-4204-89A3-C6D2AA7AA898}.Debug|Any CPU.ActiveCfg = Debug|Any CPU
		{2084B0F7-18DF-4204-89A3-C6D2AA7AA898}.Debug|Any CPU.Build.0 = Debug|Any CPU
		{2084B0F7-18DF-4204-89A3-C6D2AA7AA898}.Debug|x64.ActiveCfg = Debug|Any CPU
		{2084B0F7-18DF-4204-89A3-C6D2AA7AA898}.Debug|x64.Build.0 = Debug|Any CPU
		{2084B0F7-18DF-4204-89A3-C6D2AA7AA898}.Debug|x86.ActiveCfg = Debug|Any CPU
		{2084B0F7-18DF-4204-89A3-C6D2AA7AA898}.Debug|x86.Build.0 = Debug|Any CPU
		{2084B0F7-18DF-4204-89A3-C6D2AA7AA898}.Release|Any CPU.ActiveCfg = Release|Any CPU
		{2084B0F7-18DF-4204-89A3-C6D2AA7AA898}.Release|Any CPU.Build.0 = Release|Any CPU
		{2084B0F7-18DF-4204-89A3-C6D2AA7AA898}.Release|x64.ActiveCfg = Release|Any CPU
		{2084B0F7-18DF-4204-89A3-C6D2AA7AA898}.Release|x64.Build.0 = Release|Any CPU
		{2084B0F7-18DF-4204-89A3-C6D2AA7AA898}.Release|x86.ActiveCfg = Release|Any CPU
		{2084B0F7-18DF-4204-89A3-C6D2AA7AA898}.Release|x86.Build.0 = Release|Any CPU
		{F5ABBBE8-0E0B-4493-9207-E40B84F2B4F0}.Debug|Any CPU.ActiveCfg = Debug|Any CPU
		{F5ABBBE8-0E0B-4493-9207-E40B84F2B4F0}.Debug|Any CPU.Build.0 = Debug|Any CPU
		{F5ABBBE8-0E0B-4493-9207-E40B84F2B4F0}.Debug|x64.ActiveCfg = Debug|Any CPU
		{F5ABBBE8-0E0B-4493-9207-E40B84F2B4F0}.Debug|x64.Build.0 = Debug|Any CPU
		{F5ABBBE8-0E0B-4493-9207-E40B84F2B4F0}.Debug|x86.ActiveCfg = Debug|Any CPU
		{F5ABBBE8-0E0B-4493-9207-E40B84F2B4F0}.Debug|x86.Build.0 = Debug|Any CPU
		{F5ABBBE8-0E0B-4493-9207-E40B84F2B4F0}.Release|Any CPU.ActiveCfg = Release|Any CPU
		{F5ABBBE8-0E0B-4493-9207-E40B84F2B4F0}.Release|Any CPU.Build.0 = Release|Any CPU
		{F5ABBBE8-0E0B-4493-9207-E40B84F2B4F0}.Release|x64.ActiveCfg = Release|Any CPU
		{F5ABBBE8-0E0B-4493-9207-E40B84F2B4F0}.Release|x64.Build.0 = Release|Any CPU
		{F5ABBBE8-0E0B-4493-9207-E40B84F2B4F0}.Release|x86.ActiveCfg = Release|Any CPU
		{F5ABBBE8-0E0B-4493-9207-E40B84F2B4F0}.Release|x86.Build.0 = Release|Any CPU
		{4289EF8B-FDC8-4D8F-BE59-D51B1D1545A7}.Debug|Any CPU.ActiveCfg = Debug|Any CPU
		{4289EF8B-FDC8-4D8F-BE59-D51B1D1545A7}.Debug|Any CPU.Build.0 = Debug|Any CPU
		{4289EF8B-FDC8-4D8F-BE59-D51B1D1545A7}.Debug|x64.ActiveCfg = Debug|Any CPU
		{4289EF8B-FDC8-4D8F-BE59-D51B1D1545A7}.Debug|x64.Build.0 = Debug|Any CPU
		{4289EF8B-FDC8-4D8F-BE59-D51B1D1545A7}.Debug|x86.ActiveCfg = Debug|Any CPU
		{4289EF8B-FDC8-4D8F-BE59-D51B1D1545A7}.Debug|x86.Build.0 = Debug|Any CPU
		{4289EF8B-FDC8-4D8F-BE59-D51B1D1545A7}.Release|Any CPU.ActiveCfg = Release|Any CPU
		{4289EF8B-FDC8-4D8F-BE59-D51B1D1545A7}.Release|Any CPU.Build.0 = Release|Any CPU
		{4289EF8B-FDC8-4D8F-BE59-D51B1D1545A7}.Release|x64.ActiveCfg = Release|Any CPU
		{4289EF8B-FDC8-4D8F-BE59-D51B1D1545A7}.Release|x64.Build.0 = Release|Any CPU
		{4289EF8B-FDC8-4D8F-BE59-D51B1D1545A7}.Release|x86.ActiveCfg = Release|Any CPU
		{4289EF8B-FDC8-4D8F-BE59-D51B1D1545A7}.Release|x86.Build.0 = Release|Any CPU
	EndGlobalSection
EndGlobal
